
Microsoft Visual Studio Solution File, Format Version 12.00
# Visual Studio Version 17
VisualStudioVersion = 17.7.34221.43
MinimumVisualStudioVersion = 10.0.40219.1
Project("{FAE04EC0-301F-11D3-BF4B-00C04F79EFBC}") = "ProjektX", "ProjektX\ProjektX.csproj", "{D8FBEE66-999A-4942-89F0-D76F56722ABF}"
EndProject
Global
	GlobalSection(SolutionConfigurationPlatforms) = preSolution
		Debug|Any CPU = Debug|Any CPU
		Release|Any CPU = Release|Any CPU
	EndGlobalSection
	GlobalSection(ProjectConfigurationPlatforms) = postSolution
		{D8FBEE66-999A-4942-89F0-D76F56722ABF}.Debug|Any CPU.ActiveCfg = Debug|Any CPU
		{D8FBEE66-999A-4942-89F0-D76F56722ABF}.Debug|Any CPU.Build.0 = Debug|Any CPU
		{D8FBEE66-999A-4942-89F0-D76F56722ABF}.Release|Any CPU.ActiveCfg = Release|Any CPU
		{D8FBEE66-999A-4942-89F0-D76F56722ABF}.Release|Any CPU.Build.0 = Release|Any CPU
	EndGlobalSection
	GlobalSection(SolutionProperties) = preSolution
		HideSolutionNode = FALSE
	EndGlobalSection
	GlobalSection(ExtensibilityGlobals) = postSolution
		SolutionGuid = {37040B7A-F840-494B-8927-763B8F7C734F}
	EndGlobalSection
EndGlobal
